<?xml version="1.0" encoding="UTF-8"?>
<CodeBlocks_project_file>
	<FileVersion major="1" minor="6"/>
	<Project>
		<Option title="MoltenTempest"/>
		<Option makefile_is_custom="1"/>
		<Option compiler="gcc"/>
		<Option virtualFolders="CMake Files\;"/>
		<Build>
			<Target title="all">
				<Option working_dir="D:/Programming/MoltenTempest/MoltenTempest/build-Engine-debug"/>
				<Option type="4"/>
				<MakeCommands>
					<Build command="C:/Qt/Tools/mingw530_32/bin/mingw32-make.exe -f &quot;D:/Programming/MoltenTempest/MoltenTempest/build-Engine-debug/Makefile&quot;  VERBOSE=1 all"/>
					<CompileFile command="C:/Qt/Tools/mingw530_32/bin/mingw32-make.exe -f &quot;D:/Programming/MoltenTempest/MoltenTempest/build-Engine-debug/Makefile&quot;  VERBOSE=1 &quot;$file&quot;"/>
					<Clean command="C:/Qt/Tools/mingw530_32/bin/mingw32-make.exe -f &quot;D:/Programming/MoltenTempest/MoltenTempest/build-Engine-debug/Makefile&quot;  VERBOSE=1 clean"/>
					<DistClean command="C:/Qt/Tools/mingw530_32/bin/mingw32-make.exe -f &quot;D:/Programming/MoltenTempest/MoltenTempest/build-Engine-debug/Makefile&quot;  VERBOSE=1 clean"/>
				</MakeCommands>
			</Target>
			<Target title="edit_cache">
				<Option working_dir="D:/Programming/MoltenTempest/MoltenTempest/build-Engine-debug"/>
				<Option type="4"/>
				<MakeCommands>
					<Build command="C:/Qt/Tools/mingw530_32/bin/mingw32-make.exe -f &quot;D:/Programming/MoltenTempest/MoltenTempest/build-Engine-debug/Makefile&quot;  VERBOSE=1 edit_cache"/>
					<CompileFile command="C:/Qt/Tools/mingw530_32/bin/mingw32-make.exe -f &quot;D:/Programming/MoltenTempest/MoltenTempest/build-Engine-debug/Makefile&quot;  VERBOSE=1 &quot;$file&quot;"/>
					<Clean command="C:/Qt/Tools/mingw530_32/bin/mingw32-make.exe -f &quot;D:/Programming/MoltenTempest/MoltenTempest/build-Engine-debug/Makefile&quot;  VERBOSE=1 clean"/>
					<DistClean command="C:/Qt/Tools/mingw530_32/bin/mingw32-make.exe -f &quot;D:/Programming/MoltenTempest/MoltenTempest/build-Engine-debug/Makefile&quot;  VERBOSE=1 clean"/>
				</MakeCommands>
			</Target>
			<Target title="MoltenTempest">
				<Option output="D:/Programming/MoltenTempest/MoltenTempest/bin/libMoltenTempest.dll" prefix_auto="0" extension_auto="0"/>
				<Option working_dir="D:/Programming/MoltenTempest/MoltenTempest/build-Engine-debug"/>
				<Option object_output="./"/>
				<Option type="3"/>
				<Option compiler="gcc"/>
				<Compiler>
					<Add option="-DVK_USE_PLATFORM_WIN32_KHR"/>
					<Add option="-DVULKAN_HPP_NO_EXCEPTIONS"/>
					<Add option="-DVULKAN_HPP_NO_SMART_HANDLE"/>
					<Add directory="D:/Programming/MoltenTempest/MoltenTempest/Engine/include"/>
					<Add directory="D:/Programming/MoltenTempest/MoltenTempest/Engine/."/>
					<Add directory="D:/Program Files (x86)/VulkanSDK/1.0.65.1/Include"/>
					<Add directory="C:/Qt/Tools/mingw530_32/bin/../lib/gcc/i686-w64-mingw32/5.3.0/include"/>
					<Add directory="C:/Qt/Tools/mingw530_32/bin/../lib/gcc/i686-w64-mingw32/5.3.0/include-fixed"/>
					<Add directory="C:/Qt/Tools/mingw530_32/bin/../lib/gcc/i686-w64-mingw32/5.3.0/../../../../i686-w64-mingw32/include"/>
					<Add directory="C:/Qt/Tools/mingw530_32/lib/gcc/../../i686-w64-mingw32/include/c++"/>
					<Add directory="C:/Qt/Tools/mingw530_32/lib/gcc/../../i686-w64-mingw32/include/c++/i686-w64-mingw32"/>
					<Add directory="C:/Qt/Tools/mingw530_32/lib/gcc/../../i686-w64-mingw32/include/c++/backward"/>
				</Compiler>
				<MakeCommands>
					<Build command="C:/Qt/Tools/mingw530_32/bin/mingw32-make.exe -f &quot;D:/Programming/MoltenTempest/MoltenTempest/build-Engine-debug/Makefile&quot;  VERBOSE=1 MoltenTempest"/>
					<CompileFile command="C:/Qt/Tools/mingw530_32/bin/mingw32-make.exe -f &quot;D:/Programming/MoltenTempest/MoltenTempest/build-Engine-debug/Makefile&quot;  VERBOSE=1 &quot;$file&quot;"/>
					<Clean command="C:/Qt/Tools/mingw530_32/bin/mingw32-make.exe -f &quot;D:/Programming/MoltenTempest/MoltenTempest/build-Engine-debug/Makefile&quot;  VERBOSE=1 clean"/>
					<DistClean command="C:/Qt/Tools/mingw530_32/bin/mingw32-make.exe -f &quot;D:/Programming/MoltenTempest/MoltenTempest/build-Engine-debug/Makefile&quot;  VERBOSE=1 clean"/>
				</MakeCommands>
			</Target>
			<Target title="MoltenTempest/fast">
				<Option output="D:/Programming/MoltenTempest/MoltenTempest/bin/libMoltenTempest.dll" prefix_auto="0" extension_auto="0"/>
				<Option working_dir="D:/Programming/MoltenTempest/MoltenTempest/build-Engine-debug"/>
				<Option object_output="./"/>
				<Option type="3"/>
				<Option compiler="gcc"/>
				<Compiler>
					<Add option="-DVK_USE_PLATFORM_WIN32_KHR"/>
					<Add option="-DVULKAN_HPP_NO_EXCEPTIONS"/>
					<Add option="-DVULKAN_HPP_NO_SMART_HANDLE"/>
					<Add directory="D:/Programming/MoltenTempest/MoltenTempest/Engine/include"/>
					<Add directory="D:/Programming/MoltenTempest/MoltenTempest/Engine/."/>
					<Add directory="D:/Program Files (x86)/VulkanSDK/1.0.65.1/Include"/>
					<Add directory="C:/Qt/Tools/mingw530_32/bin/../lib/gcc/i686-w64-mingw32/5.3.0/include"/>
					<Add directory="C:/Qt/Tools/mingw530_32/bin/../lib/gcc/i686-w64-mingw32/5.3.0/include-fixed"/>
					<Add directory="C:/Qt/Tools/mingw530_32/bin/../lib/gcc/i686-w64-mingw32/5.3.0/../../../../i686-w64-mingw32/include"/>
					<Add directory="C:/Qt/Tools/mingw530_32/lib/gcc/../../i686-w64-mingw32/include/c++"/>
					<Add directory="C:/Qt/Tools/mingw530_32/lib/gcc/../../i686-w64-mingw32/include/c++/i686-w64-mingw32"/>
					<Add directory="C:/Qt/Tools/mingw530_32/lib/gcc/../../i686-w64-mingw32/include/c++/backward"/>
				</Compiler>
				<MakeCommands>
					<Build command="C:/Qt/Tools/mingw530_32/bin/mingw32-make.exe -f &quot;D:/Programming/MoltenTempest/MoltenTempest/build-Engine-debug/Makefile&quot;  VERBOSE=1 MoltenTempest/fast"/>
					<CompileFile command="C:/Qt/Tools/mingw530_32/bin/mingw32-make.exe -f &quot;D:/Programming/MoltenTempest/MoltenTempest/build-Engine-debug/Makefile&quot;  VERBOSE=1 &quot;$file&quot;"/>
					<Clean command="C:/Qt/Tools/mingw530_32/bin/mingw32-make.exe -f &quot;D:/Programming/MoltenTempest/MoltenTempest/build-Engine-debug/Makefile&quot;  VERBOSE=1 clean"/>
					<DistClean command="C:/Qt/Tools/mingw530_32/bin/mingw32-make.exe -f &quot;D:/Programming/MoltenTempest/MoltenTempest/build-Engine-debug/Makefile&quot;  VERBOSE=1 clean"/>
				</MakeCommands>
			</Target>
			<Target title="rebuild_cache">
				<Option working_dir="D:/Programming/MoltenTempest/MoltenTempest/build-Engine-debug"/>
				<Option type="4"/>
				<MakeCommands>
					<Build command="C:/Qt/Tools/mingw530_32/bin/mingw32-make.exe -f &quot;D:/Programming/MoltenTempest/MoltenTempest/build-Engine-debug/Makefile&quot;  VERBOSE=1 rebuild_cache"/>
					<CompileFile command="C:/Qt/Tools/mingw530_32/bin/mingw32-make.exe -f &quot;D:/Programming/MoltenTempest/MoltenTempest/build-Engine-debug/Makefile&quot;  VERBOSE=1 &quot;$file&quot;"/>
					<Clean command="C:/Qt/Tools/mingw530_32/bin/mingw32-make.exe -f &quot;D:/Programming/MoltenTempest/MoltenTempest/build-Engine-debug/Makefile&quot;  VERBOSE=1 clean"/>
					<DistClean command="C:/Qt/Tools/mingw530_32/bin/mingw32-make.exe -f &quot;D:/Programming/MoltenTempest/MoltenTempest/build-Engine-debug/Makefile&quot;  VERBOSE=1 clean"/>
				</MakeCommands>
			</Target>
		</Build>
		<Unit filename="D:/Programming/MoltenTempest/MoltenTempest/Engine/exceptions/exception.cpp">
			<Option target="MoltenTempest"/>
		</Unit>
		<Unit filename="D:/Programming/MoltenTempest/MoltenTempest/Engine/exceptions/exception.h">
			<Option target="MoltenTempest"/>
		</Unit>
		<Unit filename="D:/Programming/MoltenTempest/MoltenTempest/Engine/gapi/abstractgraphicsapi.cpp">
			<Option target="MoltenTempest"/>
		</Unit>
		<Unit filename="D:/Programming/MoltenTempest/MoltenTempest/Engine/gapi/abstractgraphicsapi.h">
			<Option target="MoltenTempest"/>
		</Unit>
		<Unit filename="D:/Programming/MoltenTempest/MoltenTempest/Engine/gapi/deviceallocator.cpp">
			<Option target="MoltenTempest"/>
		</Unit>
		<Unit filename="D:/Programming/MoltenTempest/MoltenTempest/Engine/gapi/deviceallocator.h">
			<Option target="MoltenTempest"/>
		</Unit>
		<Unit filename="D:/Programming/MoltenTempest/MoltenTempest/Engine/gapi/vulkan/vallocator.cpp">
			<Option target="MoltenTempest"/>
		</Unit>
		<Unit filename="D:/Programming/MoltenTempest/MoltenTempest/Engine/gapi/vulkan/vallocator.h">
			<Option target="MoltenTempest"/>
		</Unit>
		<Unit filename="D:/Programming/MoltenTempest/MoltenTempest/Engine/gapi/vulkan/vbuffer.cpp">
			<Option target="MoltenTempest"/>
		</Unit>
		<Unit filename="D:/Programming/MoltenTempest/MoltenTempest/Engine/gapi/vulkan/vbuffer.h">
			<Option target="MoltenTempest"/>
		</Unit>
		<Unit filename="D:/Programming/MoltenTempest/MoltenTempest/Engine/gapi/vulkan/vcommandbuffer.cpp">
			<Option target="MoltenTempest"/>
		</Unit>
		<Unit filename="D:/Programming/MoltenTempest/MoltenTempest/Engine/gapi/vulkan/vcommandbuffer.h">
			<Option target="MoltenTempest"/>
		</Unit>
		<Unit filename="D:/Programming/MoltenTempest/MoltenTempest/Engine/gapi/vulkan/vcommandpool.cpp">
			<Option target="MoltenTempest"/>
		</Unit>
		<Unit filename="D:/Programming/MoltenTempest/MoltenTempest/Engine/gapi/vulkan/vcommandpool.h">
			<Option target="MoltenTempest"/>
		</Unit>
		<Unit filename="D:/Programming/MoltenTempest/MoltenTempest/Engine/gapi/vulkan/vdevice.cpp">
			<Option target="MoltenTempest"/>
		</Unit>
		<Unit filename="D:/Programming/MoltenTempest/MoltenTempest/Engine/gapi/vulkan/vdevice.h">
			<Option target="MoltenTempest"/>
		</Unit>
		<Unit filename="D:/Programming/MoltenTempest/MoltenTempest/Engine/gapi/vulkan/vfence.cpp">
			<Option target="MoltenTempest"/>
		</Unit>
		<Unit filename="D:/Programming/MoltenTempest/MoltenTempest/Engine/gapi/vulkan/vfence.h">
			<Option target="MoltenTempest"/>
		</Unit>
		<Unit filename="D:/Programming/MoltenTempest/MoltenTempest/Engine/gapi/vulkan/vframebuffer.cpp">
			<Option target="MoltenTempest"/>
		</Unit>
		<Unit filename="D:/Programming/MoltenTempest/MoltenTempest/Engine/gapi/vulkan/vframebuffer.h">
			<Option target="MoltenTempest"/>
		</Unit>
		<Unit filename="D:/Programming/MoltenTempest/MoltenTempest/Engine/gapi/vulkan/vimage.cpp">
			<Option target="MoltenTempest"/>
		</Unit>
		<Unit filename="D:/Programming/MoltenTempest/MoltenTempest/Engine/gapi/vulkan/vimage.h">
			<Option target="MoltenTempest"/>
		</Unit>
		<Unit filename="D:/Programming/MoltenTempest/MoltenTempest/Engine/gapi/vulkan/vpipeline.cpp">
			<Option target="MoltenTempest"/>
		</Unit>
		<Unit filename="D:/Programming/MoltenTempest/MoltenTempest/Engine/gapi/vulkan/vpipeline.h">
			<Option target="MoltenTempest"/>
		</Unit>
		<Unit filename="D:/Programming/MoltenTempest/MoltenTempest/Engine/gapi/vulkan/vrenderpass.cpp">
			<Option target="MoltenTempest"/>
		</Unit>
		<Unit filename="D:/Programming/MoltenTempest/MoltenTempest/Engine/gapi/vulkan/vrenderpass.h">
			<Option target="MoltenTempest"/>
		</Unit>
		<Unit filename="D:/Programming/MoltenTempest/MoltenTempest/Engine/gapi/vulkan/vsemaphore.cpp">
			<Option target="MoltenTempest"/>
		</Unit>
		<Unit filename="D:/Programming/MoltenTempest/MoltenTempest/Engine/gapi/vulkan/vsemaphore.h">
			<Option target="MoltenTempest"/>
		</Unit>
		<Unit filename="D:/Programming/MoltenTempest/MoltenTempest/Engine/gapi/vulkan/vshader.cpp">
			<Option target="MoltenTempest"/>
		</Unit>
		<Unit filename="D:/Programming/MoltenTempest/MoltenTempest/Engine/gapi/vulkan/vshader.h">
			<Option target="MoltenTempest"/>
		</Unit>
		<Unit filename="D:/Programming/MoltenTempest/MoltenTempest/Engine/gapi/vulkan/vswapchain.cpp">
			<Option target="MoltenTempest"/>
		</Unit>
		<Unit filename="D:/Programming/MoltenTempest/MoltenTempest/Engine/gapi/vulkan/vswapchain.h">
			<Option target="MoltenTempest"/>
		</Unit>
		<Unit filename="D:/Programming/MoltenTempest/MoltenTempest/Engine/gapi/vulkan/vulkanapi.cpp">
			<Option target="MoltenTempest"/>
		</Unit>
		<Unit filename="D:/Programming/MoltenTempest/MoltenTempest/Engine/gapi/vulkan/vulkanapi.h">
			<Option target="MoltenTempest"/>
		</Unit>
		<Unit filename="D:/Programming/MoltenTempest/MoltenTempest/Engine/gapi/vulkanapi.cpp">
			<Option target="MoltenTempest"/>
		</Unit>
		<Unit filename="D:/Programming/MoltenTempest/MoltenTempest/Engine/gapi/vulkanapi.h">
			<Option target="MoltenTempest"/>
		</Unit>
		<Unit filename="D:/Programming/MoltenTempest/MoltenTempest/Engine/graphics/commandbuffer.cpp">
			<Option target="MoltenTempest"/>
		</Unit>
		<Unit filename="D:/Programming/MoltenTempest/MoltenTempest/Engine/graphics/commandbuffer.h">
			<Option target="MoltenTempest"/>
		</Unit>
		<Unit filename="D:/Programming/MoltenTempest/MoltenTempest/Engine/graphics/commandpool.cpp">
			<Option target="MoltenTempest"/>
		</Unit>
		<Unit filename="D:/Programming/MoltenTempest/MoltenTempest/Engine/graphics/commandpool.h">
			<Option target="MoltenTempest"/>
		</Unit>
		<Unit filename="D:/Programming/MoltenTempest/MoltenTempest/Engine/graphics/device.cpp">
			<Option target="MoltenTempest"/>
		</Unit>
		<Unit filename="D:/Programming/MoltenTempest/MoltenTempest/Engine/graphics/device.h">
			<Option target="MoltenTempest"/>
		</Unit>
		<Unit filename="D:/Programming/MoltenTempest/MoltenTempest/Engine/graphics/fence.cpp">
			<Option target="MoltenTempest"/>
		</Unit>
		<Unit filename="D:/Programming/MoltenTempest/MoltenTempest/Engine/graphics/fence.h">
			<Option target="MoltenTempest"/>
		</Unit>
		<Unit filename="D:/Programming/MoltenTempest/MoltenTempest/Engine/graphics/frame.cpp">
			<Option target="MoltenTempest"/>
		</Unit>
		<Unit filename="D:/Programming/MoltenTempest/MoltenTempest/Engine/graphics/frame.h">
			<Option target="MoltenTempest"/>
		</Unit>
		<Unit filename="D:/Programming/MoltenTempest/MoltenTempest/Engine/graphics/framebuffer.cpp">
			<Option target="MoltenTempest"/>
		</Unit>
		<Unit filename="D:/Programming/MoltenTempest/MoltenTempest/Engine/graphics/framebuffer.h">
			<Option target="MoltenTempest"/>
		</Unit>
		<Unit filename="D:/Programming/MoltenTempest/MoltenTempest/Engine/graphics/painter.cpp">
			<Option target="MoltenTempest"/>
		</Unit>
		<Unit filename="D:/Programming/MoltenTempest/MoltenTempest/Engine/graphics/painter.h">
			<Option target="MoltenTempest"/>
		</Unit>
		<Unit filename="D:/Programming/MoltenTempest/MoltenTempest/Engine/graphics/renderpass.cpp">
			<Option target="MoltenTempest"/>
		</Unit>
		<Unit filename="D:/Programming/MoltenTempest/MoltenTempest/Engine/graphics/renderpass.h">
			<Option target="MoltenTempest"/>
		</Unit>
		<Unit filename="D:/Programming/MoltenTempest/MoltenTempest/Engine/graphics/renderpipeline.cpp">
			<Option target="MoltenTempest"/>
		</Unit>
		<Unit filename="D:/Programming/MoltenTempest/MoltenTempest/Engine/graphics/renderpipeline.h">
			<Option target="MoltenTempest"/>
		</Unit>
		<Unit filename="D:/Programming/MoltenTempest/MoltenTempest/Engine/graphics/semaphore.cpp">
			<Option target="MoltenTempest"/>
		</Unit>
		<Unit filename="D:/Programming/MoltenTempest/MoltenTempest/Engine/graphics/semaphore.h">
			<Option target="MoltenTempest"/>
		</Unit>
		<Unit filename="D:/Programming/MoltenTempest/MoltenTempest/Engine/graphics/shader.cpp">
			<Option target="MoltenTempest"/>
		</Unit>
		<Unit filename="D:/Programming/MoltenTempest/MoltenTempest/Engine/graphics/shader.h">
			<Option target="MoltenTempest"/>
		</Unit>
		<Unit filename="D:/Programming/MoltenTempest/MoltenTempest/Engine/graphics/uniforms.cpp">
			<Option target="MoltenTempest"/>
		</Unit>
		<Unit filename="D:/Programming/MoltenTempest/MoltenTempest/Engine/graphics/uniforms.h">
			<Option target="MoltenTempest"/>
		</Unit>
		<Unit filename="D:/Programming/MoltenTempest/MoltenTempest/Engine/graphics/vertexbuffer.cpp">
			<Option target="MoltenTempest"/>
		</Unit>
		<Unit filename="D:/Programming/MoltenTempest/MoltenTempest/Engine/graphics/vertexbuffer.h">
			<Option target="MoltenTempest"/>
		</Unit>
		<Unit filename="D:/Programming/MoltenTempest/MoltenTempest/Engine/graphics/videobuffer.cpp">
			<Option target="MoltenTempest"/>
		</Unit>
		<Unit filename="D:/Programming/MoltenTempest/MoltenTempest/Engine/graphics/videobuffer.h">
			<Option target="MoltenTempest"/>
		</Unit>
		<Unit filename="D:/Programming/MoltenTempest/MoltenTempest/Engine/include/Tempest">
			<Option target="MoltenTempest"/>
		</Unit>
		<Unit filename="D:/Programming/MoltenTempest/MoltenTempest/Engine/system/systemapi.cpp">
			<Option target="MoltenTempest"/>
		</Unit>
		<Unit filename="D:/Programming/MoltenTempest/MoltenTempest/Engine/system/systemapi.h">
			<Option target="MoltenTempest"/>
		</Unit>
		<Unit filename="D:/Programming/MoltenTempest/MoltenTempest/Engine/ui/window.cpp">
			<Option target="MoltenTempest"/>
		</Unit>
		<Unit filename="D:/Programming/MoltenTempest/MoltenTempest/Engine/ui/window.h">
			<Option target="MoltenTempest"/>
		</Unit>
		<Unit filename="D:/Programming/MoltenTempest/MoltenTempest/Engine/utility/dptr.cpp">
			<Option target="MoltenTempest"/>
		</Unit>
		<Unit filename="D:/Programming/MoltenTempest/MoltenTempest/Engine/utility/dptr.h">
			<Option target="MoltenTempest"/>
		</Unit>
		<Unit filename="D:/Programming/MoltenTempest/MoltenTempest/Engine/utility/utility.h">
			<Option target="MoltenTempest"/>
		</Unit>
		<Unit filename="D:/Programming/MoltenTempest/MoltenTempest/Engine/CMakeLists.txt">
			<Option virtualFolder="CMake Files\"/>
		</Unit>
	</Project>
</CodeBlocks_project_file>
