<?xml version="1.0" encoding="UTF-8"?>
<CodeBlocks_project_file>
	<FileVersion major="1" minor="6"/>
	<Project>
		<Option title="MoltenTempest"/>
		<Option makefile_is_custom="1"/>
		<Option compiler="gcc"/>
		<Option virtualFolders="CMake Files\;"/>
		<Build>
			<Target title="all">
				<Option working_dir="D:/Programming/MoltenTempest/MoltenTempest/Examples/build-Empty-debug"/>
				<Option type="4"/>
				<MakeCommands>
					<Build command="C:/Qt/Tools/mingw530_32/bin/mingw32-make.exe -f &quot;D:/Programming/MoltenTempest/MoltenTempest/Examples/build-Empty-debug/Makefile&quot;  VERBOSE=1 all"/>
					<CompileFile command="C:/Qt/Tools/mingw530_32/bin/mingw32-make.exe -f &quot;D:/Programming/MoltenTempest/MoltenTempest/Examples/build-Empty-debug/Makefile&quot;  VERBOSE=1 &quot;$file&quot;"/>
					<Clean command="C:/Qt/Tools/mingw530_32/bin/mingw32-make.exe -f &quot;D:/Programming/MoltenTempest/MoltenTempest/Examples/build-Empty-debug/Makefile&quot;  VERBOSE=1 clean"/>
					<DistClean command="C:/Qt/Tools/mingw530_32/bin/mingw32-make.exe -f &quot;D:/Programming/MoltenTempest/MoltenTempest/Examples/build-Empty-debug/Makefile&quot;  VERBOSE=1 clean"/>
				</MakeCommands>
			</Target>
			<Target title="edit_cache">
				<Option working_dir="D:/Programming/MoltenTempest/MoltenTempest/Examples/build-Empty-debug"/>
				<Option type="4"/>
				<MakeCommands>
					<Build command="C:/Qt/Tools/mingw530_32/bin/mingw32-make.exe -f &quot;D:/Programming/MoltenTempest/MoltenTempest/Examples/build-Empty-debug/Makefile&quot;  VERBOSE=1 edit_cache"/>
					<CompileFile command="C:/Qt/Tools/mingw530_32/bin/mingw32-make.exe -f &quot;D:/Programming/MoltenTempest/MoltenTempest/Examples/build-Empty-debug/Makefile&quot;  VERBOSE=1 &quot;$file&quot;"/>
					<Clean command="C:/Qt/Tools/mingw530_32/bin/mingw32-make.exe -f &quot;D:/Programming/MoltenTempest/MoltenTempest/Examples/build-Empty-debug/Makefile&quot;  VERBOSE=1 clean"/>
					<DistClean command="C:/Qt/Tools/mingw530_32/bin/mingw32-make.exe -f &quot;D:/Programming/MoltenTempest/MoltenTempest/Examples/build-Empty-debug/Makefile&quot;  VERBOSE=1 clean"/>
				</MakeCommands>
			</Target>
			<Target title="MoltenTempest">
				<Option output="D:/Programming/MoltenTempest/MoltenTempest/Examples/build-Empty-debug/MoltenTempest.exe" prefix_auto="0" extension_auto="0"/>
				<Option working_dir="D:/Programming/MoltenTempest/MoltenTempest/Examples/build-Empty-debug"/>
				<Option object_output="./"/>
				<Option type="1"/>
				<Option compiler="gcc"/>
				<Compiler>
					<Add directory="C:/Qt/Tools/mingw530_32/bin/../lib/gcc/i686-w64-mingw32/5.3.0/include"/>
					<Add directory="C:/Qt/Tools/mingw530_32/bin/../lib/gcc/i686-w64-mingw32/5.3.0/include-fixed"/>
					<Add directory="C:/Qt/Tools/mingw530_32/bin/../lib/gcc/i686-w64-mingw32/5.3.0/../../../../i686-w64-mingw32/include"/>
					<Add directory="C:/Qt/Tools/mingw530_32/lib/gcc/../../i686-w64-mingw32/include/c++"/>
					<Add directory="C:/Qt/Tools/mingw530_32/lib/gcc/../../i686-w64-mingw32/include/c++/i686-w64-mingw32"/>
					<Add directory="C:/Qt/Tools/mingw530_32/lib/gcc/../../i686-w64-mingw32/include/c++/backward"/>
				</Compiler>
				<MakeCommands>
					<Build command="C:/Qt/Tools/mingw530_32/bin/mingw32-make.exe -f &quot;D:/Programming/MoltenTempest/MoltenTempest/Examples/build-Empty-debug/Makefile&quot;  VERBOSE=1 MoltenTempest"/>
					<CompileFile command="C:/Qt/Tools/mingw530_32/bin/mingw32-make.exe -f &quot;D:/Programming/MoltenTempest/MoltenTempest/Examples/build-Empty-debug/Makefile&quot;  VERBOSE=1 &quot;$file&quot;"/>
					<Clean command="C:/Qt/Tools/mingw530_32/bin/mingw32-make.exe -f &quot;D:/Programming/MoltenTempest/MoltenTempest/Examples/build-Empty-debug/Makefile&quot;  VERBOSE=1 clean"/>
					<DistClean command="C:/Qt/Tools/mingw530_32/bin/mingw32-make.exe -f &quot;D:/Programming/MoltenTempest/MoltenTempest/Examples/build-Empty-debug/Makefile&quot;  VERBOSE=1 clean"/>
				</MakeCommands>
			</Target>
			<Target title="MoltenTempest/fast">
				<Option output="D:/Programming/MoltenTempest/MoltenTempest/Examples/build-Empty-debug/MoltenTempest.exe" prefix_auto="0" extension_auto="0"/>
				<Option working_dir="D:/Programming/MoltenTempest/MoltenTempest/Examples/build-Empty-debug"/>
				<Option object_output="./"/>
				<Option type="1"/>
				<Option compiler="gcc"/>
				<Compiler>
					<Add directory="C:/Qt/Tools/mingw530_32/bin/../lib/gcc/i686-w64-mingw32/5.3.0/include"/>
					<Add directory="C:/Qt/Tools/mingw530_32/bin/../lib/gcc/i686-w64-mingw32/5.3.0/include-fixed"/>
					<Add directory="C:/Qt/Tools/mingw530_32/bin/../lib/gcc/i686-w64-mingw32/5.3.0/../../../../i686-w64-mingw32/include"/>
					<Add directory="C:/Qt/Tools/mingw530_32/lib/gcc/../../i686-w64-mingw32/include/c++"/>
					<Add directory="C:/Qt/Tools/mingw530_32/lib/gcc/../../i686-w64-mingw32/include/c++/i686-w64-mingw32"/>
					<Add directory="C:/Qt/Tools/mingw530_32/lib/gcc/../../i686-w64-mingw32/include/c++/backward"/>
				</Compiler>
				<MakeCommands>
					<Build command="C:/Qt/Tools/mingw530_32/bin/mingw32-make.exe -f &quot;D:/Programming/MoltenTempest/MoltenTempest/Examples/build-Empty-debug/Makefile&quot;  VERBOSE=1 MoltenTempest/fast"/>
					<CompileFile command="C:/Qt/Tools/mingw530_32/bin/mingw32-make.exe -f &quot;D:/Programming/MoltenTempest/MoltenTempest/Examples/build-Empty-debug/Makefile&quot;  VERBOSE=1 &quot;$file&quot;"/>
					<Clean command="C:/Qt/Tools/mingw530_32/bin/mingw32-make.exe -f &quot;D:/Programming/MoltenTempest/MoltenTempest/Examples/build-Empty-debug/Makefile&quot;  VERBOSE=1 clean"/>
					<DistClean command="C:/Qt/Tools/mingw530_32/bin/mingw32-make.exe -f &quot;D:/Programming/MoltenTempest/MoltenTempest/Examples/build-Empty-debug/Makefile&quot;  VERBOSE=1 clean"/>
				</MakeCommands>
			</Target>
			<Target title="rebuild_cache">
				<Option working_dir="D:/Programming/MoltenTempest/MoltenTempest/Examples/build-Empty-debug"/>
				<Option type="4"/>
				<MakeCommands>
					<Build command="C:/Qt/Tools/mingw530_32/bin/mingw32-make.exe -f &quot;D:/Programming/MoltenTempest/MoltenTempest/Examples/build-Empty-debug/Makefile&quot;  VERBOSE=1 rebuild_cache"/>
					<CompileFile command="C:/Qt/Tools/mingw530_32/bin/mingw32-make.exe -f &quot;D:/Programming/MoltenTempest/MoltenTempest/Examples/build-Empty-debug/Makefile&quot;  VERBOSE=1 &quot;$file&quot;"/>
					<Clean command="C:/Qt/Tools/mingw530_32/bin/mingw32-make.exe -f &quot;D:/Programming/MoltenTempest/MoltenTempest/Examples/build-Empty-debug/Makefile&quot;  VERBOSE=1 clean"/>
					<DistClean command="C:/Qt/Tools/mingw530_32/bin/mingw32-make.exe -f &quot;D:/Programming/MoltenTempest/MoltenTempest/Examples/build-Empty-debug/Makefile&quot;  VERBOSE=1 clean"/>
				</MakeCommands>
			</Target>
		</Build>
		<Unit filename="D:/Programming/MoltenTempest/MoltenTempest/Examples/Empty/main.cpp">
			<Option target="MoltenTempest"/>
		</Unit>
		<Unit filename="D:/Programming/MoltenTempest/MoltenTempest/Examples/Empty/CMakeLists.txt">
			<Option virtualFolder="CMake Files\"/>
		</Unit>
	</Project>
</CodeBlocks_project_file>
